
Microsoft Visual Studio Solution File, Format Version 12.00
# Visual Studio Version 17
VisualStudioVersion = 17.3.32929.385
MinimumVisualStudioVersion = 10.0.40219.1
Project("{FAE04EC0-301F-11D3-BF4B-00C04F79EFBC}") = "ConsoleApp", "ConsoleApp\ConsoleApp.csproj", "{62779D28-2636-4C89-822E-BB0C566BCDAC}"
EndProject
Global
	GlobalSection(SolutionConfigurationPlatforms) = preSolution
		Debug|Any CPU = Debug|Any CPU
		Release|Any CPU = Release|Any CPU
	EndGlobalSection
	GlobalSection(ProjectConfigurationPlatforms) = postSolution
		{62779D28-2636-4C89-822E-BB0C566BCDAC}.Debug|Any CPU.ActiveCfg = Debug|Any CPU
		{62779D28-2636-4C89-822E-BB0C566BCDAC}.Debug|Any CPU.Build.0 = Debug|Any CPU
		{62779D28-2636-4C89-822E-BB0C566BCDAC}.Release|Any CPU.ActiveCfg = Release|Any CPU
		{62779D28-2636-4C89-822E-BB0C566BCDAC}.Release|Any CPU.Build.0 = Release|Any CPU
	EndGlobalSection
	GlobalSection(SolutionProperties) = preSolution
		HideSolutionNode = FALSE
	EndGlobalSection
	GlobalSection(ExtensibilityGlobals) = postSolution
		SolutionGuid = {8FA9B303-8010-4F3C-A6B0-24D7F5451BD5}
	EndGlobalSection
EndGlobal
